# THIS IS AN AUTOGENERATED FILE. DO NOT EDIT THIS FILE DIRECTLY.
# yarn lockfile v1


"@photostructure/tz-lookup@^7.0.0":
  version "7.0.0"
  resolved "https://registry.yarnpkg.com/@photostructure/tz-lookup/-/tz-lookup-7.0.0.tgz#b079412e7fea59033e441c08fcdb37d7c3c05901"
  integrity sha512-pTRsZz7Sn4yAtItC7I4+0segDHosMyOtJgAXg+xvDOolT0Xz4IFWqBV33OMCWoaNd3oQb60wbWhLeCQgJCyZAA==

"@types/luxon@^3.3.0":
  version "3.3.1"
  resolved "https://registry.yarnpkg.com/@types/luxon/-/luxon-3.3.1.tgz#08727da7d81ee6a6c702b9dc6c8f86be010eb4dc"
  integrity sha512-XOS5nBcgEeP2PpcqJHjCWhUCAzGfXIU8ILOSLpx2FhxqMW9KdxgCGXNOEKGVBfveKtIpztHzKK5vSRVLyW/NqA==

batch-cluster@^12.1.0:
  version "12.1.0"
  resolved "https://registry.yarnpkg.com/batch-cluster/-/batch-cluster-12.1.0.tgz#697f3e11d7bc49d6befea139025431efe0e1e16f"
  integrity sha512-whGyJU4tr7kyg2USByu0/51mML5HsLAeNz5s03kMDYZNsQsGgDJgI47RdY3r7MciCjPkTaTD5O4eOVqOfEO7pg==

exiftool-vendored.exe@12.62.0:
  version "12.62.0"
  resolved "https://registry.yarnpkg.com/exiftool-vendored.exe/-/exiftool-vendored.exe-12.62.0.tgz#5a13b4bbfa0309f16fe30f71a10636e7fd73e95e"
  integrity sha512-xNFkvmjwnMg6ivtmkc67w1qD23fIy06nRpMpGuBpTwTqAVatHV+vk7T75zyvLoXRRpd1rKID9XAVLGJCE/iiMQ==

exiftool-vendored.pl@12.62.0:
  version "12.62.0"
  resolved "https://registry.yarnpkg.com/exiftool-vendored.pl/-/exiftool-vendored.pl-12.62.0.tgz#25a16b92776d0283a8335116311458c505b8aa7f"
  integrity sha512-e0JqrihAs6s7B4Zm/rrTg/pzPB7uUVnK6fwEpTik6PE8N84SGDn3ht4snDqwejZ2mKdmEk8upSygeUe33+yVlw==

exiftool-vendored@^22.0.0:
  version "22.0.0"
  resolved "https://registry.yarnpkg.com/exiftool-vendored/-/exiftool-vendored-22.0.0.tgz#2de38f804ee1a5796adb375c36ac633cf66e12d2"
  integrity sha512-gBOQ4C2GLjxKPDPRuUbMOz91mG6IFA22L+Z/IQzFotFu20vc7YroqHALf/ophCbANA5sNSArbVDPijP7n/20Jg==
  dependencies:
    "@photostructure/tz-lookup" "^7.0.0"
    "@types/luxon" "^3.3.0"
    batch-cluster "^12.1.0"
    he "^1.2.0"
    luxon "^3.3.0"
  optionalDependencies:
    exiftool-vendored.exe "12.62.0"
    exiftool-vendored.pl "12.62.0"

he@^1.2.0:
  version "1.2.0"
  resolved "https://registry.yarnpkg.com/he/-/he-1.2.0.tgz#84ae65fa7eafb165fddb61566ae14baf05664f0f"
  integrity sha512-F/1DnUGPopORZi0ni+CvrCgHQ5FyEAHRLSApuYWMmrbSwoN2Mn/7k+Gl38gJnR7yyDZk6WLXwiGod1JOWNDKGw==

luxon@^3.3.0:
  version "3.3.0"
  resolved "https://registry.yarnpkg.com/luxon/-/luxon-3.3.0.tgz#d73ab5b5d2b49a461c47cedbc7e73309b4805b48"
  integrity sha512-An0UCfG/rSiqtAIiBPO0Y9/zAnHUZxAMiCpTd5h2smgsj7GGmcenvrvww2cqNA8/4A5ZrD1gJpHN2mIHZQF+Mg==
